// !$*UTF8*$!
{
	archiveVersion = 1;
	classes = {
	};
	objectVersion = 55;
	objects = {

/* Begin PBXBuildFile section */
		E70D047527E9418E00EF2C29 /* URLSessionHTTPClientTests.swift in Sources */ = {isa = PBXBuildFile; fileRef = E70D047427E9418E00EF2C29 /* URLSessionHTTPClientTests.swift */; };
		E73AAD4927C43A7000053994 /* EssentialFeed.docc in Sources */ = {isa = PBXBuildFile; fileRef = E73AAD4827C43A7000053994 /* EssentialFeed.docc */; };
		E73AAD4F27C43A7000053994 /* EssentialFeed.framework in Frameworks */ = {isa = PBXBuildFile; fileRef = E73AAD4427C43A7000053994 /* EssentialFeed.framework */; };
		E73AAD5427C43A7000053994 /* RemoteFeedLoaderTests.swift in Sources */ = {isa = PBXBuildFile; fileRef = E73AAD5327C43A7000053994 /* RemoteFeedLoaderTests.swift */; };
		E73AAD5527C43A7000053994 /* EssentialFeed.h in Headers */ = {isa = PBXBuildFile; fileRef = E73AAD4727C43A7000053994 /* EssentialFeed.h */; settings = {ATTRIBUTES = (Public, ); }; };
		E73AAD5F27C43FD300053994 /* FeedItem.swift in Sources */ = {isa = PBXBuildFile; fileRef = E73AAD5E27C43FD300053994 /* FeedItem.swift */; };
		E73AAD6127C4409D00053994 /* FeedLoader.swift in Sources */ = {isa = PBXBuildFile; fileRef = E73AAD6027C4409D00053994 /* FeedLoader.swift */; };
		E762FA2D27C8070F009FF0D5 /* RemoteFeedLoader.swift in Sources */ = {isa = PBXBuildFile; fileRef = E762FA2C27C8070F009FF0D5 /* RemoteFeedLoader.swift */; };
		E7BCD6C227D6D29F0024DBD6 /* HTTPClient.swift in Sources */ = {isa = PBXBuildFile; fileRef = E7BCD6C127D6D29F0024DBD6 /* HTTPClient.swift */; };
		E7BCD6C427D6D33C0024DBD6 /* FeedItemsMapper.swift in Sources */ = {isa = PBXBuildFile; fileRef = E7BCD6C327D6D33C0024DBD6 /* FeedItemsMapper.swift */; };
/* End PBXBuildFile section */

/* Begin PBXContainerItemProxy section */
		E73AAD5027C43A7000053994 /* PBXContainerItemProxy */ = {
			isa = PBXContainerItemProxy;
			containerPortal = E73AAD3B27C43A7000053994 /* Project object */;
			proxyType = 1;
			remoteGlobalIDString = E73AAD4327C43A7000053994;
			remoteInfo = EssentialFeed;
		};
/* End PBXContainerItemProxy section */

/* Begin PBXFileReference section */
		E70D047427E9418E00EF2C29 /* URLSessionHTTPClientTests.swift */ = {isa = PBXFileReference; lastKnownFileType = sourcecode.swift; path = URLSessionHTTPClientTests.swift; sourceTree = "<group>"; };
		E73AAD4427C43A7000053994 /* EssentialFeed.framework */ = {isa = PBXFileReference; explicitFileType = wrapper.framework; includeInIndex = 0; path = EssentialFeed.framework; sourceTree = BUILT_PRODUCTS_DIR; };
		E73AAD4727C43A7000053994 /* EssentialFeed.h */ = {isa = PBXFileReference; lastKnownFileType = sourcecode.c.h; path = EssentialFeed.h; sourceTree = "<group>"; };
		E73AAD4827C43A7000053994 /* EssentialFeed.docc */ = {isa = PBXFileReference; lastKnownFileType = folder.documentationcatalog; path = EssentialFeed.docc; sourceTree = "<group>"; };
		E73AAD4E27C43A7000053994 /* EssentialFeedTests.xctest */ = {isa = PBXFileReference; explicitFileType = wrapper.cfbundle; includeInIndex = 0; path = EssentialFeedTests.xctest; sourceTree = BUILT_PRODUCTS_DIR; };
		E73AAD5327C43A7000053994 /* RemoteFeedLoaderTests.swift */ = {isa = PBXFileReference; lastKnownFileType = sourcecode.swift; path = RemoteFeedLoaderTests.swift; sourceTree = "<group>"; };
		E73AAD5E27C43FD300053994 /* FeedItem.swift */ = {isa = PBXFileReference; lastKnownFileType = sourcecode.swift; path = FeedItem.swift; sourceTree = "<group>"; };
		E73AAD6027C4409D00053994 /* FeedLoader.swift */ = {isa = PBXFileReference; lastKnownFileType = sourcecode.swift; path = FeedLoader.swift; sourceTree = "<group>"; };
		E762FA2C27C8070F009FF0D5 /* RemoteFeedLoader.swift */ = {isa = PBXFileReference; lastKnownFileType = sourcecode.swift; path = RemoteFeedLoader.swift; sourceTree = "<group>"; };
		E7BCD6C127D6D29F0024DBD6 /* HTTPClient.swift */ = {isa = PBXFileReference; lastKnownFileType = sourcecode.swift; path = HTTPClient.swift; sourceTree = "<group>"; };
		E7BCD6C327D6D33C0024DBD6 /* FeedItemsMapper.swift */ = {isa = PBXFileReference; lastKnownFileType = sourcecode.swift; path = FeedItemsMapper.swift; sourceTree = "<group>"; };
/* End PBXFileReference section */

/* Begin PBXFrameworksBuildPhase section */
		E73AAD4127C43A7000053994 /* Frameworks */ = {
			isa = PBXFrameworksBuildPhase;
			buildActionMask = 2147483647;
			files = (
			);
			runOnlyForDeploymentPostprocessing = 0;
		};
		E73AAD4B27C43A7000053994 /* Frameworks */ = {
			isa = PBXFrameworksBuildPhase;
			buildActionMask = 2147483647;
			files = (
				E73AAD4F27C43A7000053994 /* EssentialFeed.framework in Frameworks */,
			);
			runOnlyForDeploymentPostprocessing = 0;
		};
/* End PBXFrameworksBuildPhase section */

/* Begin PBXGroup section */
		E73AAD3A27C43A7000053994 = {
			isa = PBXGroup;
			children = (
				E73AAD4627C43A7000053994 /* EssentialFeed */,
				E73AAD5227C43A7000053994 /* EssentialFeedTests */,
				E73AAD4527C43A7000053994 /* Products */,
			);
			sourceTree = "<group>";
		};
		E73AAD4527C43A7000053994 /* Products */ = {
			isa = PBXGroup;
			children = (
				E73AAD4427C43A7000053994 /* EssentialFeed.framework */,
				E73AAD4E27C43A7000053994 /* EssentialFeedTests.xctest */,
			);
			name = Products;
			sourceTree = "<group>";
		};
		E73AAD4627C43A7000053994 /* EssentialFeed */ = {
			isa = PBXGroup;
			children = (
				E73AAD4727C43A7000053994 /* EssentialFeed.h */,
				E762FA2B27C806EE009FF0D5 /* Feed API */,
				E73AAD6227C4413500053994 /* Feed Feature */,
				E73AAD4827C43A7000053994 /* EssentialFeed.docc */,
			);
			path = EssentialFeed;
			sourceTree = "<group>";
		};
		E73AAD5227C43A7000053994 /* EssentialFeedTests */ = {
			isa = PBXGroup;
			children = (
				E7BCD6C527D700F30024DBD6 /* FeedAPI */,
			);
			path = EssentialFeedTests;
			sourceTree = "<group>";
		};
		E73AAD6227C4413500053994 /* Feed Feature */ = {
			isa = PBXGroup;
			children = (
				E73AAD5E27C43FD300053994 /* FeedItem.swift */,
				E73AAD6027C4409D00053994 /* FeedLoader.swift */,
			);
			path = "Feed Feature";
			sourceTree = "<group>";
		};
		E762FA2B27C806EE009FF0D5 /* Feed API */ = {
			isa = PBXGroup;
			children = (
				E762FA2C27C8070F009FF0D5 /* RemoteFeedLoader.swift */,
				E7BCD6C127D6D29F0024DBD6 /* HTTPClient.swift */,
				E7BCD6C327D6D33C0024DBD6 /* FeedItemsMapper.swift */,
			);
			path = "Feed API";
			sourceTree = "<group>";
		};
		E7BCD6C527D700F30024DBD6 /* FeedAPI */ = {
			isa = PBXGroup;
			children = (
				E73AAD5327C43A7000053994 /* RemoteFeedLoaderTests.swift */,
				E70D047427E9418E00EF2C29 /* URLSessionHTTPClientTests.swift */,
			);
			path = FeedAPI;
			sourceTree = "<group>";
		};
/* End PBXGroup section */

/* Begin PBXHeadersBuildPhase section */
		E73AAD3F27C43A7000053994 /* Headers */ = {
			isa = PBXHeadersBuildPhase;
			buildActionMask = 2147483647;
			files = (
				E73AAD5527C43A7000053994 /* EssentialFeed.h in Headers */,
			);
			runOnlyForDeploymentPostprocessing = 0;
		};
/* End PBXHeadersBuildPhase section */

/* Begin PBXNativeTarget section */
		E73AAD4327C43A7000053994 /* EssentialFeed */ = {
			isa = PBXNativeTarget;
			buildConfigurationList = E73AAD5827C43A7000053994 /* Build configuration list for PBXNativeTarget "EssentialFeed" */;
			buildPhases = (
				E73AAD3F27C43A7000053994 /* Headers */,
				E73AAD4027C43A7000053994 /* Sources */,
				E73AAD4127C43A7000053994 /* Frameworks */,
				E73AAD4227C43A7000053994 /* Resources */,
			);
			buildRules = (
			);
			dependencies = (
			);
			name = EssentialFeed;
			productName = EssentialFeed;
			productReference = E73AAD4427C43A7000053994 /* EssentialFeed.framework */;
			productType = "com.apple.product-type.framework";
		};
		E73AAD4D27C43A7000053994 /* EssentialFeedTests */ = {
			isa = PBXNativeTarget;
			buildConfigurationList = E73AAD5B27C43A7000053994 /* Build configuration list for PBXNativeTarget "EssentialFeedTests" */;
			buildPhases = (
				E73AAD4A27C43A7000053994 /* Sources */,
				E73AAD4B27C43A7000053994 /* Frameworks */,
				E73AAD4C27C43A7000053994 /* Resources */,
			);
			buildRules = (
			);
			dependencies = (
				E73AAD5127C43A7000053994 /* PBXTargetDependency */,
			);
			name = EssentialFeedTests;
			productName = EssentialFeedTests;
			productReference = E73AAD4E27C43A7000053994 /* EssentialFeedTests.xctest */;
			productType = "com.apple.product-type.bundle.unit-test";
		};
/* End PBXNativeTarget section */

/* Begin PBXProject section */
		E73AAD3B27C43A7000053994 /* Project object */ = {
			isa = PBXProject;
			attributes = {
				BuildIndependentTargetsInParallel = 1;
				LastSwiftUpdateCheck = 1320;
				LastUpgradeCheck = 1320;
				TargetAttributes = {
					E73AAD4327C43A7000053994 = {
						CreatedOnToolsVersion = 13.2.1;
					};
					E73AAD4D27C43A7000053994 = {
						CreatedOnToolsVersion = 13.2.1;
					};
				};
			};
			buildConfigurationList = E73AAD3E27C43A7000053994 /* Build configuration list for PBXProject "EssentialFeed" */;
			compatibilityVersion = "Xcode 13.0";
			developmentRegion = en;
			hasScannedForEncodings = 0;
			knownRegions = (
				en,
				Base,
			);
			mainGroup = E73AAD3A27C43A7000053994;
			productRefGroup = E73AAD4527C43A7000053994 /* Products */;
			projectDirPath = "";
			projectRoot = "";
			targets = (
				E73AAD4327C43A7000053994 /* EssentialFeed */,
				E73AAD4D27C43A7000053994 /* EssentialFeedTests */,
			);
		};
/* End PBXProject section */

/* Begin PBXResourcesBuildPhase section */
		E73AAD4227C43A7000053994 /* Resources */ = {
			isa = PBXResourcesBuildPhase;
			buildActionMask = 2147483647;
			files = (
			);
			runOnlyForDeploymentPostprocessing = 0;
		};
		E73AAD4C27C43A7000053994 /* Resources */ = {
			isa = PBXResourcesBuildPhase;
			buildActionMask = 2147483647;
			files = (
			);
			runOnlyForDeploymentPostprocessing = 0;
		};
/* End PBXResourcesBuildPhase section */

/* Begin PBXSourcesBuildPhase section */
		E73AAD4027C43A7000053994 /* Sources */ = {
			isa = PBXSourcesBuildPhase;
			buildActionMask = 2147483647;
			files = (
				E762FA2D27C8070F009FF0D5 /* RemoteFeedLoader.swift in Sources */,
				E7BCD6C227D6D29F0024DBD6 /* HTTPClient.swift in Sources */,
				E73AAD6127C4409D00053994 /* FeedLoader.swift in Sources */,
				E7BCD6C427D6D33C0024DBD6 /* FeedItemsMapper.swift in Sources */,
				E73AAD5F27C43FD300053994 /* FeedItem.swift in Sources */,
				E73AAD4927C43A7000053994 /* EssentialFeed.docc in Sources */,
			);
			runOnlyForDeploymentPostprocessing = 0;
		};
		E73AAD4A27C43A7000053994 /* Sources */ = {
			isa = PBXSourcesBuildPhase;
			buildActionMask = 2147483647;
			files = (
				E73AAD5427C43A7000053994 /* RemoteFeedLoaderTests.swift in Sources */,
				E70D047527E9418E00EF2C29 /* URLSessionHTTPClientTests.swift in Sources */,
			);
			runOnlyForDeploymentPostprocessing = 0;
		};
/* End PBXSourcesBuildPhase section */

/* Begin PBXTargetDependency section */
		E73AAD5127C43A7000053994 /* PBXTargetDependency */ = {
			isa = PBXTargetDependency;
			target = E73AAD4327C43A7000053994 /* EssentialFeed */;
			targetProxy = E73AAD5027C43A7000053994 /* PBXContainerItemProxy */;
		};
/* End PBXTargetDependency section */

/* Begin XCBuildConfiguration section */
		E73AAD5627C43A7000053994 /* Debug */ = {
			isa = XCBuildConfiguration;
			buildSettings = {
				ALWAYS_SEARCH_USER_PATHS = NO;
				CLANG_ANALYZER_NONNULL = YES;
				CLANG_ANALYZER_NUMBER_OBJECT_CONVERSION = YES_AGGRESSIVE;
				CLANG_CXX_LANGUAGE_STANDARD = "gnu++17";
				CLANG_CXX_LIBRARY = "libc++";
				CLANG_ENABLE_MODULES = YES;
				CLANG_ENABLE_OBJC_ARC = YES;
				CLANG_ENABLE_OBJC_WEAK = YES;
				CLANG_WARN_BLOCK_CAPTURE_AUTORELEASING = YES;
				CLANG_WARN_BOOL_CONVERSION = YES;
				CLANG_WARN_COMMA = YES;
				CLANG_WARN_CONSTANT_CONVERSION = YES;
				CLANG_WARN_DEPRECATED_OBJC_IMPLEMENTATIONS = YES;
				CLANG_WARN_DIRECT_OBJC_ISA_USAGE = YES_ERROR;
				CLANG_WARN_DOCUMENTATION_COMMENTS = YES;
				CLANG_WARN_EMPTY_BODY = YES;
				CLANG_WARN_ENUM_CONVERSION = YES;
				CLANG_WARN_INFINITE_RECURSION = YES;
				CLANG_WARN_INT_CONVERSION = YES;
				CLANG_WARN_NON_LITERAL_NULL_CONVERSION = YES;
				CLANG_WARN_OBJC_IMPLICIT_RETAIN_SELF = YES;
				CLANG_WARN_OBJC_LITERAL_CONVERSION = YES;
				CLANG_WARN_OBJC_ROOT_CLASS = YES_ERROR;
				CLANG_WARN_QUOTED_INCLUDE_IN_FRAMEWORK_HEADER = YES;
				CLANG_WARN_RANGE_LOOP_ANALYSIS = YES;
				CLANG_WARN_STRICT_PROTOTYPES = YES;
				CLANG_WARN_SUSPICIOUS_MOVE = YES;
				CLANG_WARN_UNGUARDED_AVAILABILITY = YES_AGGRESSIVE;
				CLANG_WARN_UNREACHABLE_CODE = YES;
				CLANG_WARN__DUPLICATE_METHOD_MATCH = YES;
				COPY_PHASE_STRIP = NO;
				CURRENT_PROJECT_VERSION = 1;
				DEBUG_INFORMATION_FORMAT = dwarf;
				ENABLE_STRICT_OBJC_MSGSEND = YES;
				ENABLE_TESTABILITY = YES;
				GCC_C_LANGUAGE_STANDARD = gnu11;
				GCC_DYNAMIC_NO_PIC = NO;
				GCC_NO_COMMON_BLOCKS = YES;
				GCC_OPTIMIZATION_LEVEL = 0;
				GCC_PREPROCESSOR_DEFINITIONS = (
					"DEBUG=1",
					"$(inherited)",
				);
				GCC_WARN_64_TO_32_BIT_CONVERSION = YES;
				GCC_WARN_ABOUT_RETURN_TYPE = YES_ERROR;
				GCC_WARN_UNDECLARED_SELECTOR = YES;
				GCC_WARN_UNINITIALIZED_AUTOS = YES_AGGRESSIVE;
				GCC_WARN_UNUSED_FUNCTION = YES;
				GCC_WARN_UNUSED_VARIABLE = YES;
				MACOSX_DEPLOYMENT_TARGET = 12.1;
				MTL_ENABLE_DEBUG_INFO = INCLUDE_SOURCE;
				MTL_FAST_MATH = YES;
				ONLY_ACTIVE_ARCH = YES;
				SDKROOT = macosx;
				SWIFT_ACTIVE_COMPILATION_CONDITIONS = DEBUG;
				SWIFT_OPTIMIZATION_LEVEL = "-Onone";
				VERSIONING_SYSTEM = "apple-generic";
				VERSION_INFO_PREFIX = "";
			};
			name = Debug;
		};
		E73AAD5727C43A7000053994 /* Release */ = {
			isa = XCBuildConfiguration;
			buildSettings = {
				ALWAYS_SEARCH_USER_PATHS = NO;
				CLANG_ANALYZER_NONNULL = YES;
				CLANG_ANALYZER_NUMBER_OBJECT_CONVERSION = YES_AGGRESSIVE;
				CLANG_CXX_LANGUAGE_STANDARD = "gnu++17";
				CLANG_CXX_LIBRARY = "libc++";
				CLANG_ENABLE_MODULES = YES;
				CLANG_ENABLE_OBJC_ARC = YES;
				CLANG_ENABLE_OBJC_WEAK = YES;
				CLANG_WARN_BLOCK_CAPTURE_AUTORELEASING = YES;
				CLANG_WARN_BOOL_CONVERSION = YES;
				CLANG_WARN_COMMA = YES;
				CLANG_WARN_CONSTANT_CONVERSION = YES;
				CLANG_WARN_DEPRECATED_OBJC_IMPLEMENTATIONS = YES;
				CLANG_WARN_DIRECT_OBJC_ISA_USAGE = YES_ERROR;
				CLANG_WARN_DOCUMENTATION_COMMENTS = YES;
				CLANG_WARN_EMPTY_BODY = YES;
				CLANG_WARN_ENUM_CONVERSION = YES;
				CLANG_WARN_INFINITE_RECURSION = YES;
				CLANG_WARN_INT_CONVERSION = YES;
				CLANG_WARN_NON_LITERAL_NULL_CONVERSION = YES;
				CLANG_WARN_OBJC_IMPLICIT_RETAIN_SELF = YES;
				CLANG_WARN_OBJC_LITERAL_CONVERSION = YES;
				CLANG_WARN_OBJC_ROOT_CLASS = YES_ERROR;
				CLANG_WARN_QUOTED_INCLUDE_IN_FRAMEWORK_HEADER = YES;
				CLANG_WARN_RANGE_LOOP_ANALYSIS = YES;
				CLANG_WARN_STRICT_PROTOTYPES = YES;
				CLANG_WARN_SUSPICIOUS_MOVE = YES;
				CLANG_WARN_UNGUARDED_AVAILABILITY = YES_AGGRESSIVE;
				CLANG_WARN_UNREACHABLE_CODE = YES;
				CLANG_WARN__DUPLICATE_METHOD_MATCH = YES;
				COPY_PHASE_STRIP = NO;
				CURRENT_PROJECT_VERSION = 1;
				DEBUG_INFORMATION_FORMAT = "dwarf-with-dsym";
				ENABLE_NS_ASSERTIONS = NO;
				ENABLE_STRICT_OBJC_MSGSEND = YES;
				GCC_C_LANGUAGE_STANDARD = gnu11;
				GCC_NO_COMMON_BLOCKS = YES;
				GCC_WARN_64_TO_32_BIT_CONVERSION = YES;
				GCC_WARN_ABOUT_RETURN_TYPE = YES_ERROR;
				GCC_WARN_UNDECLARED_SELECTOR = YES;
				GCC_WARN_UNINITIALIZED_AUTOS = YES_AGGRESSIVE;
				GCC_WARN_UNUSED_FUNCTION = YES;
				GCC_WARN_UNUSED_VARIABLE = YES;
				MACOSX_DEPLOYMENT_TARGET = 12.1;
				MTL_ENABLE_DEBUG_INFO = NO;
				MTL_FAST_MATH = YES;
				SDKROOT = macosx;
				SWIFT_COMPILATION_MODE = wholemodule;
				SWIFT_OPTIMIZATION_LEVEL = "-O";
				VERSIONING_SYSTEM = "apple-generic";
				VERSION_INFO_PREFIX = "";
			};
			name = Release;
		};
		E73AAD5927C43A7000053994 /* Debug */ = {
			isa = XCBuildConfiguration;
			buildSettings = {
				CODE_SIGN_STYLE = Automatic;
				COMBINE_HIDPI_IMAGES = YES;
				CURRENT_PROJECT_VERSION = 1;
				DEFINES_MODULE = YES;
				DEVELOPMENT_TEAM = MMSJ2DXRDG;
				DYLIB_COMPATIBILITY_VERSION = 1;
				DYLIB_CURRENT_VERSION = 1;
				DYLIB_INSTALL_NAME_BASE = "@rpath";
				GENERATE_INFOPLIST_FILE = YES;
				INFOPLIST_KEY_NSHumanReadableCopyright = "";
				INSTALL_PATH = "$(LOCAL_LIBRARY_DIR)/Frameworks";
				LD_RUNPATH_SEARCH_PATHS = (
					"$(inherited)",
					"@executable_path/../Frameworks",
					"@loader_path/Frameworks",
				);
				MARKETING_VERSION = 1.0;
				PRODUCT_BUNDLE_IDENTIFIER = com.coderpilot.EssentialFeed;
				PRODUCT_NAME = "$(TARGET_NAME:c99extidentifier)";
				SKIP_INSTALL = YES;
				SWIFT_EMIT_LOC_STRINGS = YES;
				SWIFT_VERSION = 5.0;
			};
			name = Debug;
		};
		E73AAD5A27C43A7000053994 /* Release */ = {
			isa = XCBuildConfiguration;
			buildSettings = {
				CODE_SIGN_STYLE = Automatic;
				COMBINE_HIDPI_IMAGES = YES;
				CURRENT_PROJECT_VERSION = 1;
				DEFINES_MODULE = YES;
				DEVELOPMENT_TEAM = MMSJ2DXRDG;
				DYLIB_COMPATIBILITY_VERSION = 1;
				DYLIB_CURRENT_VERSION = 1;
				DYLIB_INSTALL_NAME_BASE = "@rpath";
				GENERATE_INFOPLIST_FILE = YES;
				INFOPLIST_KEY_NSHumanReadableCopyright = "";
				INSTALL_PATH = "$(LOCAL_LIBRARY_DIR)/Frameworks";
				LD_RUNPATH_SEARCH_PATHS = (
					"$(inherited)",
					"@executable_path/../Frameworks",
					"@loader_path/Frameworks",
				);
				MARKETING_VERSION = 1.0;
				PRODUCT_BUNDLE_IDENTIFIER = com.coderpilot.EssentialFeed;
				PRODUCT_NAME = "$(TARGET_NAME:c99extidentifier)";
				SKIP_INSTALL = YES;
				SWIFT_EMIT_LOC_STRINGS = YES;
				SWIFT_VERSION = 5.0;
			};
			name = Release;
		};
		E73AAD5C27C43A7000053994 /* Debug */ = {
			isa = XCBuildConfiguration;
			buildSettings = {
				ALWAYS_EMBED_SWIFT_STANDARD_LIBRARIES = YES;
				CODE_SIGN_STYLE = Automatic;
				CURRENT_PROJECT_VERSION = 1;
				DEVELOPMENT_TEAM = MMSJ2DXRDG;
				GENERATE_INFOPLIST_FILE = YES;
				MARKETING_VERSION = 1.0;
				PRODUCT_BUNDLE_IDENTIFIER = com.coderpilot.EssentialFeedTests;
				PRODUCT_NAME = "$(TARGET_NAME)";
				SWIFT_EMIT_LOC_STRINGS = NO;
				SWIFT_VERSION = 5.0;
			};
			name = Debug;
		};
		E73AAD5D27C43A7000053994 /* Release */ = {
			isa = XCBuildConfiguration;
			buildSettings = {
				ALWAYS_EMBED_SWIFT_STANDARD_LIBRARIES = YES;
				CODE_SIGN_STYLE = Automatic;
				CURRENT_PROJECT_VERSION = 1;
				DEVELOPMENT_TEAM = MMSJ2DXRDG;
				GENERATE_INFOPLIST_FILE = YES;
				MARKETING_VERSION = 1.0;
				PRODUCT_BUNDLE_IDENTIFIER = com.coderpilot.EssentialFeedTests;
				PRODUCT_NAME = "$(TARGET_NAME)";
				SWIFT_EMIT_LOC_STRINGS = NO;
				SWIFT_VERSION = 5.0;
			};
			name = Release;
		};
/* End XCBuildConfiguration section */

/* Begin XCConfigurationList section */
		E73AAD3E27C43A7000053994 /* Build configuration list for PBXProject "EssentialFeed" */ = {
			isa = XCConfigurationList;
			buildConfigurations = (
				E73AAD5627C43A7000053994 /* Debug */,
				E73AAD5727C43A7000053994 /* Release */,
			);
			defaultConfigurationIsVisible = 0;
			defaultConfigurationName = Release;
		};
		E73AAD5827C43A7000053994 /* Build configuration list for PBXNativeTarget "EssentialFeed" */ = {
			isa = XCConfigurationList;
			buildConfigurations = (
				E73AAD5927C43A7000053994 /* Debug */,
				E73AAD5A27C43A7000053994 /* Release */,
			);
			defaultConfigurationIsVisible = 0;
			defaultConfigurationName = Release;
		};
		E73AAD5B27C43A7000053994 /* Build configuration list for PBXNativeTarget "EssentialFeedTests" */ = {
			isa = XCConfigurationList;
			buildConfigurations = (
				E73AAD5C27C43A7000053994 /* Debug */,
				E73AAD5D27C43A7000053994 /* Release */,
			);
			defaultConfigurationIsVisible = 0;
			defaultConfigurationName = Release;
		};
/* End XCConfigurationList section */
	};
	rootObject = E73AAD3B27C43A7000053994 /* Project object */;
}
